
Microsoft Visual Studio Solution File, Format Version 12.00
# Visual Studio 15
VisualStudioVersion = 15.0.28010.2016
MinimumVisualStudioVersion = 10.0.40219.1
Project("{FAE04EC0-301F-11D3-BF4B-00C04F79EFBC}") = "Kosturas", "Kosturas\Kosturas.csproj", "{674DB928-C4B3-427F-B47C-938A42D43882}"
EndProject
Project("{FAE04EC0-301F-11D3-BF4B-00C04F79EFBC}") = "Domain", "Domain\Domain.csproj", "{77ABFC81-335B-4DCD-9E0D-C49C264858E1}"
EndProject
Project("{FAE04EC0-301F-11D3-BF4B-00C04F79EFBC}") = "KosturasMVC", "KosturasMVC\KosturasMVC.csproj", "{71226EDD-923A-448F-9BC9-501B25FCD088}"
EndProject
Global
	GlobalSection(SolutionConfigurationPlatforms) = preSolution
		Debug|Any CPU = Debug|Any CPU
		Release|Any CPU = Release|Any CPU
	EndGlobalSection
	GlobalSection(ProjectConfigurationPlatforms) = postSolution
		{674DB928-C4B3-427F-B47C-938A42D43882}.Debug|Any CPU.ActiveCfg = Debug|Any CPU
		{674DB928-C4B3-427F-B47C-938A42D43882}.Debug|Any CPU.Build.0 = Debug|Any CPU
		{674DB928-C4B3-427F-B47C-938A42D43882}.Release|Any CPU.ActiveCfg = Release|Any CPU
		{674DB928-C4B3-427F-B47C-938A42D43882}.Release|Any CPU.Build.0 = Release|Any CPU
		{77ABFC81-335B-4DCD-9E0D-C49C264858E1}.Debug|Any CPU.ActiveCfg = Debug|Any CPU
		{77ABFC81-335B-4DCD-9E0D-C49C264858E1}.Debug|Any CPU.Build.0 = Debug|Any CPU
		{77ABFC81-335B-4DCD-9E0D-C49C264858E1}.Release|Any CPU.ActiveCfg = Release|Any CPU
		{77ABFC81-335B-4DCD-9E0D-C49C264858E1}.Release|Any CPU.Build.0 = Release|Any CPU
		{71226EDD-923A-448F-9BC9-501B25FCD088}.Debug|Any CPU.ActiveCfg = Debug|Any CPU
		{71226EDD-923A-448F-9BC9-501B25FCD088}.Debug|Any CPU.Build.0 = Debug|Any CPU
		{71226EDD-923A-448F-9BC9-501B25FCD088}.Release|Any CPU.ActiveCfg = Release|Any CPU
		{71226EDD-923A-448F-9BC9-501B25FCD088}.Release|Any CPU.Build.0 = Release|Any CPU
	EndGlobalSection
	GlobalSection(SolutionProperties) = preSolution
		HideSolutionNode = FALSE
	EndGlobalSection
	GlobalSection(ExtensibilityGlobals) = postSolution
		SolutionGuid = {3AF0B6C4-F1CD-4EDB-AFA5-D1FAA136F2C9}
	EndGlobalSection
EndGlobal
